
Microsoft Visual Studio Solution File, Format Version 11.00
# Visual Studio 2010
Project("{FAE04EC0-301F-11D3-BF4B-00C04F79EFBC}") = "ExcelDna.Utilities", "ExcelDna.Utilities\ExcelDna.Utilities.csproj", "{8AE1E715-1533-435D-8545-FA6254323F94}"
EndProject
Global
	GlobalSection(SolutionConfigurationPlatforms) = preSolution
		Debug|Any CPU = Debug|Any CPU
		Release|Any CPU = Release|Any CPU
	EndGlobalSection
	GlobalSection(ProjectConfigurationPlatforms) = postSolution
		{8AE1E715-1533-435D-8545-FA6254323F94}.Debug|Any CPU.ActiveCfg = Debug|Any CPU
		{8AE1E715-1533-435D-8545-FA6254323F94}.Debug|Any CPU.Build.0 = Debug|Any CPU
		{8AE1E715-1533-435D-8545-FA6254323F94}.Release|Any CPU.ActiveCfg = Release|Any CPU
		{8AE1E715-1533-435D-8545-FA6254323F94}.Release|Any CPU.Build.0 = Release|Any CPU
	EndGlobalSection
	GlobalSection(SolutionProperties) = preSolution
		HideSolutionNode = FALSE
	EndGlobalSection
EndGlobal
